// !$*UTF8*$!
{
	archiveVersion = 1;
	classes = {
	};
	objectVersion = 46;
	objects = {

/* Begin PBXBuildFile section */
		029C0A2B197E226600DA6FE9 /* AppDelegate.swift in Sources */ = {isa = PBXBuildFile; fileRef = 029C0A2A197E226600DA6FE9 /* AppDelegate.swift */; };
		029C0A2D197E226600DA6FE9 /* ViewController.swift in Sources */ = {isa = PBXBuildFile; fileRef = 029C0A2C197E226600DA6FE9 /* ViewController.swift */; };
		029C0A30197E226600DA6FE9 /* Main.storyboard in Resources */ = {isa = PBXBuildFile; fileRef = 029C0A2E197E226600DA6FE9 /* Main.storyboard */; };
		029C0A32197E226600DA6FE9 /* Images.xcassets in Resources */ = {isa = PBXBuildFile; fileRef = 029C0A31197E226600DA6FE9 /* Images.xcassets */; };
		029C0A3E197E226600DA6FE9 /* WaterfallFlowLayoutTests.swift in Sources */ = {isa = PBXBuildFile; fileRef = 029C0A3D197E226600DA6FE9 /* WaterfallFlowLayoutTests.swift */; };
		029C0A4C19802E5E00DA6FE9 /* CollectionViewWaterfallLayout.swift in Sources */ = {isa = PBXBuildFile; fileRef = 029C0A4B19802E5E00DA6FE9 /* CollectionViewWaterfallLayout.swift */; };
/* End PBXBuildFile section */

/* Begin PBXContainerItemProxy section */
		029C0A38197E226600DA6FE9 /* PBXContainerItemProxy */ = {
			isa = PBXContainerItemProxy;
			containerPortal = 029C0A1D197E226600DA6FE9 /* Project object */;
			proxyType = 1;
			remoteGlobalIDString = 029C0A24197E226600DA6FE9;
			remoteInfo = WaterfallFlowLayout;
		};
/* End PBXContainerItemProxy section */

/* Begin PBXFileReference section */
		029C0A25197E226600DA6FE9 /* CollectionViewWaterfallLayoutDemo.app */ = {isa = PBXFileReference; explicitFileType = wrapper.application; includeInIndex = 0; path = CollectionViewWaterfallLayoutDemo.app; sourceTree = BUILT_PRODUCTS_DIR; };
		029C0A29197E226600DA6FE9 /* Info.plist */ = {isa = PBXFileReference; lastKnownFileType = text.plist.xml; path = Info.plist; sourceTree = "<group>"; };
		029C0A2A197E226600DA6FE9 /* AppDelegate.swift */ = {isa = PBXFileReference; lastKnownFileType = sourcecode.swift; path = AppDelegate.swift; sourceTree = "<group>"; };
		029C0A2C197E226600DA6FE9 /* ViewController.swift */ = {isa = PBXFileReference; lastKnownFileType = sourcecode.swift; path = ViewController.swift; sourceTree = "<group>"; };
		029C0A2F197E226600DA6FE9 /* Base */ = {isa = PBXFileReference; lastKnownFileType = file.storyboard; name = Base; path = Base.lproj/Main.storyboard; sourceTree = "<group>"; };
		029C0A31197E226600DA6FE9 /* Images.xcassets */ = {isa = PBXFileReference; lastKnownFileType = folder.assetcatalog; path = Images.xcassets; sourceTree = "<group>"; };
		029C0A37197E226600DA6FE9 /* CollectionViewWaterfallLayoutDemo.xctest */ = {isa = PBXFileReference; explicitFileType = wrapper.cfbundle; includeInIndex = 0; path = CollectionViewWaterfallLayoutDemo.xctest; sourceTree = BUILT_PRODUCTS_DIR; };
		029C0A3C197E226600DA6FE9 /* Info.plist */ = {isa = PBXFileReference; lastKnownFileType = text.plist.xml; path = Info.plist; sourceTree = "<group>"; };
		029C0A3D197E226600DA6FE9 /* WaterfallFlowLayoutTests.swift */ = {isa = PBXFileReference; lastKnownFileType = sourcecode.swift; path = WaterfallFlowLayoutTests.swift; sourceTree = "<group>"; };
		029C0A4B19802E5E00DA6FE9 /* CollectionViewWaterfallLayout.swift */ = {isa = PBXFileReference; fileEncoding = 4; lastKnownFileType = sourcecode.swift; name = CollectionViewWaterfallLayout.swift; path = ../../CollectionViewWaterfallLayout.swift; sourceTree = "<group>"; };
/* End PBXFileReference section */

/* Begin PBXFrameworksBuildPhase section */
		029C0A22197E226600DA6FE9 /* Frameworks */ = {
			isa = PBXFrameworksBuildPhase;
			buildActionMask = 2147483647;
			files = (
			);
			runOnlyForDeploymentPostprocessing = 0;
		};
		029C0A34197E226600DA6FE9 /* Frameworks */ = {
			isa = PBXFrameworksBuildPhase;
			buildActionMask = 2147483647;
			files = (
			);
			runOnlyForDeploymentPostprocessing = 0;
		};
/* End PBXFrameworksBuildPhase section */

/* Begin PBXGroup section */
		029C0A1C197E226600DA6FE9 = {
			isa = PBXGroup;
			children = (
				029C0A27197E226600DA6FE9 /* WaterfallFlowLayout */,
				029C0A3A197E226600DA6FE9 /* WaterfallFlowLayoutTests */,
				029C0A26197E226600DA6FE9 /* Products */,
			);
			sourceTree = "<group>";
		};
		029C0A26197E226600DA6FE9 /* Products */ = {
			isa = PBXGroup;
			children = (
				029C0A25197E226600DA6FE9 /* CollectionViewWaterfallLayoutDemo.app */,
				029C0A37197E226600DA6FE9 /* CollectionViewWaterfallLayoutDemo.xctest */,
			);
			name = Products;
			sourceTree = "<group>";
		};
		029C0A27197E226600DA6FE9 /* WaterfallFlowLayout */ = {
			isa = PBXGroup;
			children = (
				029C0A2A197E226600DA6FE9 /* AppDelegate.swift */,
				029C0A2C197E226600DA6FE9 /* ViewController.swift */,
				029C0A2E197E226600DA6FE9 /* Main.storyboard */,
				029C0A4B19802E5E00DA6FE9 /* CollectionViewWaterfallLayout.swift */,
				029C0A31197E226600DA6FE9 /* Images.xcassets */,
				029C0A28197E226600DA6FE9 /* Supporting Files */,
			);
			path = WaterfallFlowLayout;
			sourceTree = "<group>";
		};
		029C0A28197E226600DA6FE9 /* Supporting Files */ = {
			isa = PBXGroup;
			children = (
				029C0A29197E226600DA6FE9 /* Info.plist */,
			);
			name = "Supporting Files";
			sourceTree = "<group>";
		};
		029C0A3A197E226600DA6FE9 /* WaterfallFlowLayoutTests */ = {
			isa = PBXGroup;
			children = (
				029C0A3D197E226600DA6FE9 /* WaterfallFlowLayoutTests.swift */,
				029C0A3B197E226600DA6FE9 /* Supporting Files */,
			);
			path = WaterfallFlowLayoutTests;
			sourceTree = "<group>";
		};
		029C0A3B197E226600DA6FE9 /* Supporting Files */ = {
			isa = PBXGroup;
			children = (
				029C0A3C197E226600DA6FE9 /* Info.plist */,
			);
			name = "Supporting Files";
			sourceTree = "<group>";
		};
/* End PBXGroup section */

/* Begin PBXNativeTarget section */
		029C0A24197E226600DA6FE9 /* CollectionViewWaterfallLayoutDemo */ = {
			isa = PBXNativeTarget;
			buildConfigurationList = 029C0A41197E226600DA6FE9 /* Build configuration list for PBXNativeTarget "CollectionViewWaterfallLayoutDemo" */;
			buildPhases = (
				029C0A21197E226600DA6FE9 /* Sources */,
				029C0A22197E226600DA6FE9 /* Frameworks */,
				029C0A23197E226600DA6FE9 /* Resources */,
			);
			buildRules = (
			);
			dependencies = (
			);
			name = CollectionViewWaterfallLayoutDemo;
			productName = WaterfallFlowLayout;
			productReference = 029C0A25197E226600DA6FE9 /* CollectionViewWaterfallLayoutDemo.app */;
			productType = "com.apple.product-type.application";
		};
		029C0A36197E226600DA6FE9 /* CollectionViewWaterfallLayoutDemoTests */ = {
			isa = PBXNativeTarget;
			buildConfigurationList = 029C0A44197E226600DA6FE9 /* Build configuration list for PBXNativeTarget "CollectionViewWaterfallLayoutDemoTests" */;
			buildPhases = (
				029C0A33197E226600DA6FE9 /* Sources */,
				029C0A34197E226600DA6FE9 /* Frameworks */,
				029C0A35197E226600DA6FE9 /* Resources */,
			);
			buildRules = (
			);
			dependencies = (
				029C0A39197E226600DA6FE9 /* PBXTargetDependency */,
			);
			name = CollectionViewWaterfallLayoutDemoTests;
			productName = WaterfallFlowLayoutTests;
			productReference = 029C0A37197E226600DA6FE9 /* CollectionViewWaterfallLayoutDemo.xctest */;
			productType = "com.apple.product-type.bundle.unit-test";
		};
/* End PBXNativeTarget section */

/* Begin PBXProject section */
		029C0A1D197E226600DA6FE9 /* Project object */ = {
			isa = PBXProject;
			attributes = {
				LastSwiftUpdateCheck = 0700;
				LastUpgradeCheck = 0700;
				ORGANIZATIONNAME = "Eric Cerney";
				TargetAttributes = {
					029C0A24197E226600DA6FE9 = {
						CreatedOnToolsVersion = 6.0;
					};
					029C0A36197E226600DA6FE9 = {
						CreatedOnToolsVersion = 6.0;
						TestTargetID = 029C0A24197E226600DA6FE9;
					};
				};
			};
			buildConfigurationList = 029C0A20197E226600DA6FE9 /* Build configuration list for PBXProject "CollectionViewWaterfallLayoutDemo" */;
			compatibilityVersion = "Xcode 3.2";
			developmentRegion = English;
			hasScannedForEncodings = 0;
			knownRegions = (
				en,
				Base,
			);
			mainGroup = 029C0A1C197E226600DA6FE9;
			productRefGroup = 029C0A26197E226600DA6FE9 /* Products */;
			projectDirPath = "";
			projectRoot = "";
			targets = (
				029C0A24197E226600DA6FE9 /* CollectionViewWaterfallLayoutDemo */,
				029C0A36197E226600DA6FE9 /* CollectionViewWaterfallLayoutDemoTests */,
			);
		};
/* End PBXProject section */

/* Begin PBXResourcesBuildPhase section */
		029C0A23197E226600DA6FE9 /* Resources */ = {
			isa = PBXResourcesBuildPhase;
			buildActionMask = 2147483647;
			files = (
				029C0A30197E226600DA6FE9 /* Main.storyboard in Resources */,
				029C0A32197E226600DA6FE9 /* Images.xcassets in Resources */,
			);
			runOnlyForDeploymentPostprocessing = 0;
		};
		029C0A35197E226600DA6FE9 /* Resources */ = {
			isa = PBXResourcesBuildPhase;
			buildActionMask = 2147483647;
			files = (
			);
			runOnlyForDeploymentPostprocessing = 0;
		};
/* End PBXResourcesBuildPhase section */

/* Begin PBXSourcesBuildPhase section */
		029C0A21197E226600DA6FE9 /* Sources */ = {
			isa = PBXSourcesBuildPhase;
			buildActionMask = 2147483647;
			files = (
				029C0A2D197E226600DA6FE9 /* ViewController.swift in Sources */,
				029C0A2B197E226600DA6FE9 /* AppDelegate.swift in Sources */,
				029C0A4C19802E5E00DA6FE9 /* CollectionViewWaterfallLayout.swift in Sources */,
			);
			runOnlyForDeploymentPostprocessing = 0;
		};
		029C0A33197E226600DA6FE9 /* Sources */ = {
			isa = PBXSourcesBuildPhase;
			buildActionMask = 2147483647;
			files = (
				029C0A3E197E226600DA6FE9 /* WaterfallFlowLayoutTests.swift in Sources */,
			);
			runOnlyForDeploymentPostprocessing = 0;
		};
/* End PBXSourcesBuildPhase section */

/* Begin PBXTargetDependency section */
		029C0A39197E226600DA6FE9 /* PBXTargetDependency */ = {
			isa = PBXTargetDependency;
			target = 029C0A24197E226600DA6FE9 /* CollectionViewWaterfallLayoutDemo */;
			targetProxy = 029C0A38197E226600DA6FE9 /* PBXContainerItemProxy */;
		};
/* End PBXTargetDependency section */

/* Begin PBXVariantGroup section */
		029C0A2E197E226600DA6FE9 /* Main.storyboard */ = {
			isa = PBXVariantGroup;
			children = (
				029C0A2F197E226600DA6FE9 /* Base */,
			);
			name = Main.storyboard;
			sourceTree = "<group>";
		};
/* End PBXVariantGroup section */

/* Begin XCBuildConfiguration section */
		029C0A3F197E226600DA6FE9 /* Debug */ = {
			isa = XCBuildConfiguration;
			buildSettings = {
				ALWAYS_SEARCH_USER_PATHS = NO;
				CLANG_CXX_LANGUAGE_STANDARD = "gnu++0x";
				CLANG_CXX_LIBRARY = "libc++";
				CLANG_ENABLE_MODULES = YES;
				CLANG_ENABLE_OBJC_ARC = YES;
				CLANG_WARN_BOOL_CONVERSION = YES;
				CLANG_WARN_CONSTANT_CONVERSION = YES;
				CLANG_WARN_DIRECT_OBJC_ISA_USAGE = YES_ERROR;
				CLANG_WARN_EMPTY_BODY = YES;
				CLANG_WARN_ENUM_CONVERSION = YES;
				CLANG_WARN_INT_CONVERSION = YES;
				CLANG_WARN_OBJC_ROOT_CLASS = YES_ERROR;
				CLANG_WARN_UNREACHABLE_CODE = YES;
				CLANG_WARN__DUPLICATE_METHOD_MATCH = YES;
				"CODE_SIGN_IDENTITY[sdk=iphoneos*]" = "iPhone Developer";
				COPY_PHASE_STRIP = NO;
				ENABLE_STRICT_OBJC_MSGSEND = YES;
				ENABLE_TESTABILITY = YES;
				GCC_C_LANGUAGE_STANDARD = gnu99;
				GCC_DYNAMIC_NO_PIC = NO;
				GCC_OPTIMIZATION_LEVEL = 0;
				GCC_PREPROCESSOR_DEFINITIONS = (
					"DEBUG=1",
					"$(inherited)",
				);
				GCC_SYMBOLS_PRIVATE_EXTERN = NO;
				GCC_WARN_64_TO_32_BIT_CONVERSION = YES;
				GCC_WARN_ABOUT_RETURN_TYPE = YES_ERROR;
				GCC_WARN_UNDECLARED_SELECTOR = YES;
				GCC_WARN_UNINITIALIZED_AUTOS = YES_AGGRESSIVE;
				GCC_WARN_UNUSED_FUNCTION = YES;
				GCC_WARN_UNUSED_VARIABLE = YES;
				IPHONEOS_DEPLOYMENT_TARGET = 8.0;
				MTL_ENABLE_DEBUG_INFO = YES;
				ONLY_ACTIVE_ARCH = YES;
				SDKROOT = iphoneos;
				SWIFT_OPTIMIZATION_LEVEL = "-Onone";
			};
			name = Debug;
		};
		029C0A40197E226600DA6FE9 /* Release */ = {
			isa = XCBuildConfiguration;
			buildSettings = {
				ALWAYS_SEARCH_USER_PATHS = NO;
				CLANG_CXX_LANGUAGE_STANDARD = "gnu++0x";
				CLANG_CXX_LIBRARY = "libc++";
				CLANG_ENABLE_MODULES = YES;
				CLANG_ENABLE_OBJC_ARC = YES;
				CLANG_WARN_BOOL_CONVERSION = YES;
				CLANG_WARN_CONSTANT_CONVERSION = YES;
				CLANG_WARN_DIRECT_OBJC_ISA_USAGE = YES_ERROR;
				CLANG_WARN_EMPTY_BODY = YES;
				CLANG_WARN_ENUM_CONVERSION = YES;
				CLANG_WARN_INT_CONVERSION = YES;
				CLANG_WARN_OBJC_ROOT_CLASS = YES_ERROR;
				CLANG_WARN_UNREACHABLE_CODE = YES;
				CLANG_WARN__DUPLICATE_METHOD_MATCH = YES;
				"CODE_SIGN_IDENTITY[sdk=iphoneos*]" = "iPhone Developer";
				COPY_PHASE_STRIP = YES;
				ENABLE_NS_ASSERTIONS = NO;
				ENABLE_STRICT_OBJC_MSGSEND = YES;
				GCC_C_LANGUAGE_STANDARD = gnu99;
				GCC_WARN_64_TO_32_BIT_CONVERSION = YES;
				GCC_WARN_ABOUT_RETURN_TYPE = YES_ERROR;
				GCC_WARN_UNDECLARED_SELECTOR = YES;
				GCC_WARN_UNINITIALIZED_AUTOS = YES_AGGRESSIVE;
				GCC_WARN_UNUSED_FUNCTION = YES;
				GCC_WARN_UNUSED_VARIABLE = YES;
				IPHONEOS_DEPLOYMENT_TARGET = 8.0;
				MTL_ENABLE_DEBUG_INFO = NO;
				SDKROOT = iphoneos;
				VALIDATE_PRODUCT = YES;
			};
			name = Release;
		};
		029C0A42197E226600DA6FE9 /* Debug */ = {
			isa = XCBuildConfiguration;
			buildSettings = {
				ASSETCATALOG_COMPILER_APPICON_NAME = AppIcon;
				ASSETCATALOG_COMPILER_LAUNCHIMAGE_NAME = LaunchImage;
				INFOPLIST_FILE = WaterfallFlowLayout/Info.plist;
				IPHONEOS_DEPLOYMENT_TARGET = 7.1;
				LD_RUNPATH_SEARCH_PATHS = "$(inherited) @executable_path/Frameworks";
				PRODUCT_BUNDLE_IDENTIFIER = "com.ecerney.${PRODUCT_NAME:rfc1034identifier}";
				PRODUCT_NAME = CollectionViewWaterfallLayoutDemo;
			};
			name = Debug;
		};
		029C0A43197E226600DA6FE9 /* Release */ = {
			isa = XCBuildConfiguration;
			buildSettings = {
				ASSETCATALOG_COMPILER_APPICON_NAME = AppIcon;
				ASSETCATALOG_COMPILER_LAUNCHIMAGE_NAME = LaunchImage;
				INFOPLIST_FILE = WaterfallFlowLayout/Info.plist;
				IPHONEOS_DEPLOYMENT_TARGET = 7.1;
				LD_RUNPATH_SEARCH_PATHS = "$(inherited) @executable_path/Frameworks";
				PRODUCT_BUNDLE_IDENTIFIER = "com.ecerney.${PRODUCT_NAME:rfc1034identifier}";
				PRODUCT_NAME = CollectionViewWaterfallLayoutDemo;
			};
			name = Release;
		};
		029C0A45197E226600DA6FE9 /* Debug */ = {
			isa = XCBuildConfiguration;
			buildSettings = {
				BUNDLE_LOADER = "$(TEST_HOST)";
				FRAMEWORK_SEARCH_PATHS = (
					"$(SDKROOT)/Developer/Library/Frameworks",
					"$(inherited)",
				);
				GCC_PREPROCESSOR_DEFINITIONS = (
					"DEBUG=1",
					"$(inherited)",
				);
				INFOPLIST_FILE = WaterfallFlowLayoutTests/Info.plist;
				LD_RUNPATH_SEARCH_PATHS = "$(inherited) @executable_path/Frameworks @loader_path/Frameworks";
				PRODUCT_BUNDLE_IDENTIFIER = "com.ecerney.${PRODUCT_NAME:rfc1034identifier}";
				PRODUCT_NAME = CollectionViewWaterfallLayoutDemo;
				TEST_HOST = "$(BUILT_PRODUCTS_DIR)/CollectionViewWaterfallLayoutDemo.app/CollectionViewWaterfallLayoutDemo";
			};
			name = Debug;
		};
		029C0A46197E226600DA6FE9 /* Release */ = {
			isa = XCBuildConfiguration;
			buildSettings = {
				BUNDLE_LOADER = "$(TEST_HOST)";
				FRAMEWORK_SEARCH_PATHS = (
					"$(SDKROOT)/Developer/Library/Frameworks",
					"$(inherited)",
				);
				INFOPLIST_FILE = WaterfallFlowLayoutTests/Info.plist;
				LD_RUNPATH_SEARCH_PATHS = "$(inherited) @executable_path/Frameworks @loader_path/Frameworks";
				PRODUCT_BUNDLE_IDENTIFIER = "com.ecerney.${PRODUCT_NAME:rfc1034identifier}";
				PRODUCT_NAME = CollectionViewWaterfallLayoutDemo;
				TEST_HOST = "$(BUILT_PRODUCTS_DIR)/CollectionViewWaterfallLayoutDemo.app/CollectionViewWaterfallLayoutDemo";
			};
			name = Release;
		};
/* End XCBuildConfiguration section */

/* Begin XCConfigurationList section */
		029C0A20197E226600DA6FE9 /* Build configuration list for PBXProject "CollectionViewWaterfallLayoutDemo" */ = {
			isa = XCConfigurationList;
			buildConfigurations = (
				029C0A3F197E226600DA6FE9 /* Debug */,
				029C0A40197E226600DA6FE9 /* Release */,
			);
			defaultConfigurationIsVisible = 0;
			defaultConfigurationName = Release;
		};
		029C0A41197E226600DA6FE9 /* Build configuration list for PBXNativeTarget "CollectionViewWaterfallLayoutDemo" */ = {
			isa = XCConfigurationList;
			buildConfigurations = (
				029C0A42197E226600DA6FE9 /* Debug */,
				029C0A43197E226600DA6FE9 /* Release */,
			);
			defaultConfigurationIsVisible = 0;
			defaultConfigurationName = Release;
		};
		029C0A44197E226600DA6FE9 /* Build configuration list for PBXNativeTarget "CollectionViewWaterfallLayoutDemoTests" */ = {
			isa = XCConfigurationList;
			buildConfigurations = (
				029C0A45197E226600DA6FE9 /* Debug */,
				029C0A46197E226600DA6FE9 /* Release */,
			);
			defaultConfigurationIsVisible = 0;
			defaultConfigurationName = Release;
		};
/* End XCConfigurationList section */
	};
	rootObject = 029C0A1D197E226600DA6FE9 /* Project object */;
}
